// !$*UTF8*$!
{
	archiveVersion = 1;
	classes = {
	};
	objectVersion = 46;
	objects = {

/* Begin PBXBuildFile section */
		6F06531A1FD9AF8D009C8587 /* AppDelegate.swift in Sources */ = {isa = PBXBuildFile; fileRef = 6F0653191FD9AF8D009C8587 /* AppDelegate.swift */; };
		6F06531C1FD9AF8D009C8587 /* ViewController.swift in Sources */ = {isa = PBXBuildFile; fileRef = 6F06531B1FD9AF8D009C8587 /* ViewController.swift */; };
		6F06531F1FD9AF8D009C8587 /* Main.storyboard in Resources */ = {isa = PBXBuildFile; fileRef = 6F06531D1FD9AF8D009C8587 /* Main.storyboard */; };
		6F0653211FD9AF8D009C8587 /* Assets.xcassets in Resources */ = {isa = PBXBuildFile; fileRef = 6F0653201FD9AF8D009C8587 /* Assets.xcassets */; };
		6F0653241FD9AF8D009C8587 /* LaunchScreen.storyboard in Resources */ = {isa = PBXBuildFile; fileRef = 6F0653221FD9AF8D009C8587 /* LaunchScreen.storyboard */; };
		6F06532F1FD9AF8D009C8587 /* Summer_ExcelTests.swift in Sources */ = {isa = PBXBuildFile; fileRef = 6F06532E1FD9AF8D009C8587 /* Summer_ExcelTests.swift */; };
		6F06533A1FD9AF8D009C8587 /* Summer_ExcelUITests.swift in Sources */ = {isa = PBXBuildFile; fileRef = 6F0653391FD9AF8D009C8587 /* Summer_ExcelUITests.swift */; };
/* End PBXBuildFile section */

/* Begin PBXContainerItemProxy section */
		6F06532B1FD9AF8D009C8587 /* PBXContainerItemProxy */ = {
			isa = PBXContainerItemProxy;
			containerPortal = 6F06530E1FD9AF8D009C8587 /* Project object */;
			proxyType = 1;
			remoteGlobalIDString = 6F0653151FD9AF8D009C8587;
			remoteInfo = "Summer-Excel";
		};
		6F0653361FD9AF8D009C8587 /* PBXContainerItemProxy */ = {
			isa = PBXContainerItemProxy;
			containerPortal = 6F06530E1FD9AF8D009C8587 /* Project object */;
			proxyType = 1;
			remoteGlobalIDString = 6F0653151FD9AF8D009C8587;
			remoteInfo = "Summer-Excel";
		};
/* End PBXContainerItemProxy section */

/* Begin PBXFileReference section */
		6F0653161FD9AF8D009C8587 /* Summer-Excel.app */ = {isa = PBXFileReference; explicitFileType = wrapper.application; includeInIndex = 0; path = "Summer-Excel.app"; sourceTree = BUILT_PRODUCTS_DIR; };
		6F0653191FD9AF8D009C8587 /* AppDelegate.swift */ = {isa = PBXFileReference; lastKnownFileType = sourcecode.swift; path = AppDelegate.swift; sourceTree = "<group>"; };
		6F06531B1FD9AF8D009C8587 /* ViewController.swift */ = {isa = PBXFileReference; lastKnownFileType = sourcecode.swift; path = ViewController.swift; sourceTree = "<group>"; };
		6F06531E1FD9AF8D009C8587 /* Base */ = {isa = PBXFileReference; lastKnownFileType = file.storyboard; name = Base; path = Base.lproj/Main.storyboard; sourceTree = "<group>"; };
		6F0653201FD9AF8D009C8587 /* Assets.xcassets */ = {isa = PBXFileReference; lastKnownFileType = folder.assetcatalog; path = Assets.xcassets; sourceTree = "<group>"; };
		6F0653231FD9AF8D009C8587 /* Base */ = {isa = PBXFileReference; lastKnownFileType = file.storyboard; name = Base; path = Base.lproj/LaunchScreen.storyboard; sourceTree = "<group>"; };
		6F0653251FD9AF8D009C8587 /* Info.plist */ = {isa = PBXFileReference; lastKnownFileType = text.plist.xml; path = Info.plist; sourceTree = "<group>"; };
		6F06532A1FD9AF8D009C8587 /* Summer-ExcelTests.xctest */ = {isa = PBXFileReference; explicitFileType = wrapper.cfbundle; includeInIndex = 0; path = "Summer-ExcelTests.xctest"; sourceTree = BUILT_PRODUCTS_DIR; };
		6F06532E1FD9AF8D009C8587 /* Summer_ExcelTests.swift */ = {isa = PBXFileReference; lastKnownFileType = sourcecode.swift; path = Summer_ExcelTests.swift; sourceTree = "<group>"; };
		6F0653301FD9AF8D009C8587 /* Info.plist */ = {isa = PBXFileReference; lastKnownFileType = text.plist.xml; path = Info.plist; sourceTree = "<group>"; };
		6F0653351FD9AF8D009C8587 /* Summer-ExcelUITests.xctest */ = {isa = PBXFileReference; explicitFileType = wrapper.cfbundle; includeInIndex = 0; path = "Summer-ExcelUITests.xctest"; sourceTree = BUILT_PRODUCTS_DIR; };
		6F0653391FD9AF8D009C8587 /* Summer_ExcelUITests.swift */ = {isa = PBXFileReference; lastKnownFileType = sourcecode.swift; path = Summer_ExcelUITests.swift; sourceTree = "<group>"; };
		6F06533B1FD9AF8D009C8587 /* Info.plist */ = {isa = PBXFileReference; lastKnownFileType = text.plist.xml; path = Info.plist; sourceTree = "<group>"; };
/* End PBXFileReference section */

/* Begin PBXFrameworksBuildPhase section */
		6F0653131FD9AF8D009C8587 /* Frameworks */ = {
			isa = PBXFrameworksBuildPhase;
			buildActionMask = 2147483647;
			files = (
			);
			runOnlyForDeploymentPostprocessing = 0;
		};
		6F0653271FD9AF8D009C8587 /* Frameworks */ = {
			isa = PBXFrameworksBuildPhase;
			buildActionMask = 2147483647;
			files = (
			);
			runOnlyForDeploymentPostprocessing = 0;
		};
		6F0653321FD9AF8D009C8587 /* Frameworks */ = {
			isa = PBXFrameworksBuildPhase;
			buildActionMask = 2147483647;
			files = (
			);
			runOnlyForDeploymentPostprocessing = 0;
		};
/* End PBXFrameworksBuildPhase section */

/* Begin PBXGroup section */
		6F06530D1FD9AF8D009C8587 = {
			isa = PBXGroup;
			children = (
				6F0653181FD9AF8D009C8587 /* Summer-Excel */,
				6F06532D1FD9AF8D009C8587 /* Summer-ExcelTests */,
				6F0653381FD9AF8D009C8587 /* Summer-ExcelUITests */,
				6F0653171FD9AF8D009C8587 /* Products */,
			);
			sourceTree = "<group>";
		};
		6F0653171FD9AF8D009C8587 /* Products */ = {
			isa = PBXGroup;
			children = (
				6F0653161FD9AF8D009C8587 /* Summer-Excel.app */,
				6F06532A1FD9AF8D009C8587 /* Summer-ExcelTests.xctest */,
				6F0653351FD9AF8D009C8587 /* Summer-ExcelUITests.xctest */,
			);
			name = Products;
			sourceTree = "<group>";
		};
		6F0653181FD9AF8D009C8587 /* Summer-Excel */ = {
			isa = PBXGroup;
			children = (
				6F0653191FD9AF8D009C8587 /* AppDelegate.swift */,
				6F06531B1FD9AF8D009C8587 /* ViewController.swift */,
				6F06531D1FD9AF8D009C8587 /* Main.storyboard */,
				6F0653201FD9AF8D009C8587 /* Assets.xcassets */,
				6F0653221FD9AF8D009C8587 /* LaunchScreen.storyboard */,
				6F0653251FD9AF8D009C8587 /* Info.plist */,
			);
			path = "Summer-Excel";
			sourceTree = "<group>";
		};
		6F06532D1FD9AF8D009C8587 /* Summer-ExcelTests */ = {
			isa = PBXGroup;
			children = (
				6F06532E1FD9AF8D009C8587 /* Summer_ExcelTests.swift */,
				6F0653301FD9AF8D009C8587 /* Info.plist */,
			);
			path = "Summer-ExcelTests";
			sourceTree = "<group>";
		};
		6F0653381FD9AF8D009C8587 /* Summer-ExcelUITests */ = {
			isa = PBXGroup;
			children = (
				6F0653391FD9AF8D009C8587 /* Summer_ExcelUITests.swift */,
				6F06533B1FD9AF8D009C8587 /* Info.plist */,
			);
			path = "Summer-ExcelUITests";
			sourceTree = "<group>";
		};
/* End PBXGroup section */

/* Begin PBXNativeTarget section */
		6F0653151FD9AF8D009C8587 /* Summer-Excel */ = {
			isa = PBXNativeTarget;
			buildConfigurationList = 6F06533E1FD9AF8D009C8587 /* Build configuration list for PBXNativeTarget "Summer-Excel" */;
			buildPhases = (
				6F0653121FD9AF8D009C8587 /* Sources */,
				6F0653131FD9AF8D009C8587 /* Frameworks */,
				6F0653141FD9AF8D009C8587 /* Resources */,
			);
			buildRules = (
			);
			dependencies = (
			);
			name = "Summer-Excel";
			productName = "Summer-Excel";
			productReference = 6F0653161FD9AF8D009C8587 /* Summer-Excel.app */;
			productType = "com.apple.product-type.application";
		};
		6F0653291FD9AF8D009C8587 /* Summer-ExcelTests */ = {
			isa = PBXNativeTarget;
			buildConfigurationList = 6F0653411FD9AF8D009C8587 /* Build configuration list for PBXNativeTarget "Summer-ExcelTests" */;
			buildPhases = (
				6F0653261FD9AF8D009C8587 /* Sources */,
				6F0653271FD9AF8D009C8587 /* Frameworks */,
				6F0653281FD9AF8D009C8587 /* Resources */,
			);
			buildRules = (
			);
			dependencies = (
				6F06532C1FD9AF8D009C8587 /* PBXTargetDependency */,
			);
			name = "Summer-ExcelTests";
			productName = "Summer-ExcelTests";
			productReference = 6F06532A1FD9AF8D009C8587 /* Summer-ExcelTests.xctest */;
			productType = "com.apple.product-type.bundle.unit-test";
		};
		6F0653341FD9AF8D009C8587 /* Summer-ExcelUITests */ = {
			isa = PBXNativeTarget;
			buildConfigurationList = 6F0653441FD9AF8D009C8587 /* Build configuration list for PBXNativeTarget "Summer-ExcelUITests" */;
			buildPhases = (
				6F0653311FD9AF8D009C8587 /* Sources */,
				6F0653321FD9AF8D009C8587 /* Frameworks */,
				6F0653331FD9AF8D009C8587 /* Resources */,
			);
			buildRules = (
			);
			dependencies = (
				6F0653371FD9AF8D009C8587 /* PBXTargetDependency */,
			);
			name = "Summer-ExcelUITests";
			productName = "Summer-ExcelUITests";
			productReference = 6F0653351FD9AF8D009C8587 /* Summer-ExcelUITests.xctest */;
			productType = "com.apple.product-type.bundle.ui-testing";
		};
/* End PBXNativeTarget section */

/* Begin PBXProject section */
		6F06530E1FD9AF8D009C8587 /* Project object */ = {
			isa = PBXProject;
			attributes = {
				LastSwiftUpdateCheck = 0830;
				LastUpgradeCheck = 0830;
				ORGANIZATIONNAME = "DIstrict 196";
				TargetAttributes = {
					6F0653151FD9AF8D009C8587 = {
						CreatedOnToolsVersion = 8.3.3;
						ProvisioningStyle = Automatic;
					};
					6F0653291FD9AF8D009C8587 = {
						CreatedOnToolsVersion = 8.3.3;
						ProvisioningStyle = Automatic;
						TestTargetID = 6F0653151FD9AF8D009C8587;
					};
					6F0653341FD9AF8D009C8587 = {
						CreatedOnToolsVersion = 8.3.3;
						ProvisioningStyle = Automatic;
						TestTargetID = 6F0653151FD9AF8D009C8587;
					};
				};
			};
			buildConfigurationList = 6F0653111FD9AF8D009C8587 /* Build configuration list for PBXProject "Summer-Excel" */;
			compatibilityVersion = "Xcode 3.2";
			developmentRegion = English;
			hasScannedForEncodings = 0;
			knownRegions = (
				en,
				Base,
			);
			mainGroup = 6F06530D1FD9AF8D009C8587;
			productRefGroup = 6F0653171FD9AF8D009C8587 /* Products */;
			projectDirPath = "";
			projectRoot = "";
			targets = (
				6F0653151FD9AF8D009C8587 /* Summer-Excel */,
				6F0653291FD9AF8D009C8587 /* Summer-ExcelTests */,
				6F0653341FD9AF8D009C8587 /* Summer-ExcelUITests */,
			);
		};
/* End PBXProject section */

/* Begin PBXResourcesBuildPhase section */
		6F0653141FD9AF8D009C8587 /* Resources */ = {
			isa = PBXResourcesBuildPhase;
			buildActionMask = 2147483647;
			files = (
				6F0653241FD9AF8D009C8587 /* LaunchScreen.storyboard in Resources */,
				6F0653211FD9AF8D009C8587 /* Assets.xcassets in Resources */,
				6F06531F1FD9AF8D009C8587 /* Main.storyboard in Resources */,
			);
			runOnlyForDeploymentPostprocessing = 0;
		};
		6F0653281FD9AF8D009C8587 /* Resources */ = {
			isa = PBXResourcesBuildPhase;
			buildActionMask = 2147483647;
			files = (
			);
			runOnlyForDeploymentPostprocessing = 0;
		};
		6F0653331FD9AF8D009C8587 /* Resources */ = {
			isa = PBXResourcesBuildPhase;
			buildActionMask = 2147483647;
			files = (
			);
			runOnlyForDeploymentPostprocessing = 0;
		};
/* End PBXResourcesBuildPhase section */

/* Begin PBXSourcesBuildPhase section */
		6F0653121FD9AF8D009C8587 /* Sources */ = {
			isa = PBXSourcesBuildPhase;
			buildActionMask = 2147483647;
			files = (
				6F06531C1FD9AF8D009C8587 /* ViewController.swift in Sources */,
				6F06531A1FD9AF8D009C8587 /* AppDelegate.swift in Sources */,
			);
			runOnlyForDeploymentPostprocessing = 0;
		};
		6F0653261FD9AF8D009C8587 /* Sources */ = {
			isa = PBXSourcesBuildPhase;
			buildActionMask = 2147483647;
			files = (
				6F06532F1FD9AF8D009C8587 /* Summer_ExcelTests.swift in Sources */,
			);
			runOnlyForDeploymentPostprocessing = 0;
		};
		6F0653311FD9AF8D009C8587 /* Sources */ = {
			isa = PBXSourcesBuildPhase;
			buildActionMask = 2147483647;
			files = (
				6F06533A1FD9AF8D009C8587 /* Summer_ExcelUITests.swift in Sources */,
			);
			runOnlyForDeploymentPostprocessing = 0;
		};
/* End PBXSourcesBuildPhase section */

/* Begin PBXTargetDependency section */
		6F06532C1FD9AF8D009C8587 /* PBXTargetDependency */ = {
			isa = PBXTargetDependency;
			target = 6F0653151FD9AF8D009C8587 /* Summer-Excel */;
			targetProxy = 6F06532B1FD9AF8D009C8587 /* PBXContainerItemProxy */;
		};
		6F0653371FD9AF8D009C8587 /* PBXTargetDependency */ = {
			isa = PBXTargetDependency;
			target = 6F0653151FD9AF8D009C8587 /* Summer-Excel */;
			targetProxy = 6F0653361FD9AF8D009C8587 /* PBXContainerItemProxy */;
		};
/* End PBXTargetDependency section */

/* Begin PBXVariantGroup section */
		6F06531D1FD9AF8D009C8587 /* Main.storyboard */ = {
			isa = PBXVariantGroup;
			children = (
				6F06531E1FD9AF8D009C8587 /* Base */,
			);
			name = Main.storyboard;
			sourceTree = "<group>";
		};
		6F0653221FD9AF8D009C8587 /* LaunchScreen.storyboard */ = {
			isa = PBXVariantGroup;
			children = (
				6F0653231FD9AF8D009C8587 /* Base */,
			);
			name = LaunchScreen.storyboard;
			sourceTree = "<group>";
		};
/* End PBXVariantGroup section */

/* Begin XCBuildConfiguration section */
		6F06533C1FD9AF8D009C8587 /* Debug */ = {
			isa = XCBuildConfiguration;
			buildSettings = {
				ALWAYS_SEARCH_USER_PATHS = NO;
				CLANG_ANALYZER_NONNULL = YES;
				CLANG_ANALYZER_NUMBER_OBJECT_CONVERSION = YES_AGGRESSIVE;
				CLANG_CXX_LANGUAGE_STANDARD = "gnu++0x";
				CLANG_CXX_LIBRARY = "libc++";
				CLANG_ENABLE_MODULES = YES;
				CLANG_ENABLE_OBJC_ARC = YES;
				CLANG_WARN_BOOL_CONVERSION = YES;
				CLANG_WARN_CONSTANT_CONVERSION = YES;
				CLANG_WARN_DIRECT_OBJC_ISA_USAGE = YES_ERROR;
				CLANG_WARN_DOCUMENTATION_COMMENTS = YES;
				CLANG_WARN_EMPTY_BODY = YES;
				CLANG_WARN_ENUM_CONVERSION = YES;
				CLANG_WARN_INFINITE_RECURSION = YES;
				CLANG_WARN_INT_CONVERSION = YES;
				CLANG_WARN_OBJC_ROOT_CLASS = YES_ERROR;
				CLANG_WARN_SUSPICIOUS_MOVE = YES;
				CLANG_WARN_UNREACHABLE_CODE = YES;
				CLANG_WARN__DUPLICATE_METHOD_MATCH = YES;
				"CODE_SIGN_IDENTITY[sdk=iphoneos*]" = "iPhone Developer";
				COPY_PHASE_STRIP = NO;
				DEBUG_INFORMATION_FORMAT = dwarf;
				ENABLE_STRICT_OBJC_MSGSEND = YES;
				ENABLE_TESTABILITY = YES;
				GCC_C_LANGUAGE_STANDARD = gnu99;
				GCC_DYNAMIC_NO_PIC = NO;
				GCC_NO_COMMON_BLOCKS = YES;
				GCC_OPTIMIZATION_LEVEL = 0;
				GCC_PREPROCESSOR_DEFINITIONS = (
					"DEBUG=1",
					"$(inherited)",
				);
				GCC_WARN_64_TO_32_BIT_CONVERSION = YES;
				GCC_WARN_ABOUT_RETURN_TYPE = YES_ERROR;
				GCC_WARN_UNDECLARED_SELECTOR = YES;
				GCC_WARN_UNINITIALIZED_AUTOS = YES_AGGRESSIVE;
				GCC_WARN_UNUSED_FUNCTION = YES;
				GCC_WARN_UNUSED_VARIABLE = YES;
				IPHONEOS_DEPLOYMENT_TARGET = 10.3;
				MTL_ENABLE_DEBUG_INFO = YES;
				ONLY_ACTIVE_ARCH = YES;
				SDKROOT = iphoneos;
				SWIFT_ACTIVE_COMPILATION_CONDITIONS = DEBUG;
				SWIFT_OPTIMIZATION_LEVEL = "-Onone";
				TARGETED_DEVICE_FAMILY = "1,2";
			};
			name = Debug;
		};
		6F06533D1FD9AF8D009C8587 /* Release */ = {
			isa = XCBuildConfiguration;
			buildSettings = {
				ALWAYS_SEARCH_USER_PATHS = NO;
				CLANG_ANALYZER_NONNULL = YES;
				CLANG_ANALYZER_NUMBER_OBJECT_CONVERSION = YES_AGGRESSIVE;
				CLANG_CXX_LANGUAGE_STANDARD = "gnu++0x";
				CLANG_CXX_LIBRARY = "libc++";
				CLANG_ENABLE_MODULES = YES;
				CLANG_ENABLE_OBJC_ARC = YES;
				CLANG_WARN_BOOL_CONVERSION = YES;
				CLANG_WARN_CONSTANT_CONVERSION = YES;
				CLANG_WARN_DIRECT_OBJC_ISA_USAGE = YES_ERROR;
				CLANG_WARN_DOCUMENTATION_COMMENTS = YES;
				CLANG_WARN_EMPTY_BODY = YES;
				CLANG_WARN_ENUM_CONVERSION = YES;
				CLANG_WARN_INFINITE_RECURSION = YES;
				CLANG_WARN_INT_CONVERSION = YES;
				CLANG_WARN_OBJC_ROOT_CLASS = YES_ERROR;
				CLANG_WARN_SUSPICIOUS_MOVE = YES;
				CLANG_WARN_UNREACHABLE_CODE = YES;
				CLANG_WARN__DUPLICATE_METHOD_MATCH = YES;
				"CODE_SIGN_IDENTITY[sdk=iphoneos*]" = "iPhone Developer";
				COPY_PHASE_STRIP = NO;
				DEBUG_INFORMATION_FORMAT = "dwarf-with-dsym";
				ENABLE_NS_ASSERTIONS = NO;
				ENABLE_STRICT_OBJC_MSGSEND = YES;
				GCC_C_LANGUAGE_STANDARD = gnu99;
				GCC_NO_COMMON_BLOCKS = YES;
				GCC_WARN_64_TO_32_BIT_CONVERSION = YES;
				GCC_WARN_ABOUT_RETURN_TYPE = YES_ERROR;
				GCC_WARN_UNDECLARED_SELECTOR = YES;
				GCC_WARN_UNINITIALIZED_AUTOS = YES_AGGRESSIVE;
				GCC_WARN_UNUSED_FUNCTION = YES;
				GCC_WARN_UNUSED_VARIABLE = YES;
				IPHONEOS_DEPLOYMENT_TARGET = 10.3;
				MTL_ENABLE_DEBUG_INFO = NO;
				SDKROOT = iphoneos;
				SWIFT_OPTIMIZATION_LEVEL = "-Owholemodule";
				TARGETED_DEVICE_FAMILY = "1,2";
				VALIDATE_PRODUCT = YES;
			};
			name = Release;
		};
		6F06533F1FD9AF8D009C8587 /* Debug */ = {
			isa = XCBuildConfiguration;
			buildSettings = {
				ASSETCATALOG_COMPILER_APPICON_NAME = AppIcon;
				INFOPLIST_FILE = "Summer-Excel/Info.plist";
				LD_RUNPATH_SEARCH_PATHS = "$(inherited) @executable_path/Frameworks";
				PRODUCT_BUNDLE_IDENTIFIER = "org.district196.Summer-Excel";
				PRODUCT_NAME = "$(TARGET_NAME)";
				SWIFT_VERSION = 3.0;
			};
			name = Debug;
		};
		6F0653401FD9AF8D009C8587 /* Release */ = {
			isa = XCBuildConfiguration;
			buildSettings = {
				ASSETCATALOG_COMPILER_APPICON_NAME = AppIcon;
				INFOPLIST_FILE = "Summer-Excel/Info.plist";
				LD_RUNPATH_SEARCH_PATHS = "$(inherited) @executable_path/Frameworks";
				PRODUCT_BUNDLE_IDENTIFIER = "org.district196.Summer-Excel";
				PRODUCT_NAME = "$(TARGET_NAME)";
				SWIFT_VERSION = 3.0;
			};
			name = Release;
		};
		6F0653421FD9AF8D009C8587 /* Debug */ = {
			isa = XCBuildConfiguration;
			buildSettings = {
				ALWAYS_EMBED_SWIFT_STANDARD_LIBRARIES = YES;
				BUNDLE_LOADER = "$(TEST_HOST)";
				INFOPLIST_FILE = "Summer-ExcelTests/Info.plist";
				LD_RUNPATH_SEARCH_PATHS = "$(inherited) @executable_path/Frameworks @loader_path/Frameworks";
				PRODUCT_BUNDLE_IDENTIFIER = "org.district196.Summer-ExcelTests";
				PRODUCT_NAME = "$(TARGET_NAME)";
				SWIFT_VERSION = 3.0;
				TEST_HOST = "$(BUILT_PRODUCTS_DIR)/Summer-Excel.app/Summer-Excel";
			};
			name = Debug;
		};
		6F0653431FD9AF8D009C8587 /* Release */ = {
			isa = XCBuildConfiguration;
			buildSettings = {
				ALWAYS_EMBED_SWIFT_STANDARD_LIBRARIES = YES;
				BUNDLE_LOADER = "$(TEST_HOST)";
				INFOPLIST_FILE = "Summer-ExcelTests/Info.plist";
				LD_RUNPATH_SEARCH_PATHS = "$(inherited) @executable_path/Frameworks @loader_path/Frameworks";
				PRODUCT_BUNDLE_IDENTIFIER = "org.district196.Summer-ExcelTests";
				PRODUCT_NAME = "$(TARGET_NAME)";
				SWIFT_VERSION = 3.0;
				TEST_HOST = "$(BUILT_PRODUCTS_DIR)/Summer-Excel.app/Summer-Excel";
			};
			name = Release;
		};
		6F0653451FD9AF8D009C8587 /* Debug */ = {
			isa = XCBuildConfiguration;
			buildSettings = {
				ALWAYS_EMBED_SWIFT_STANDARD_LIBRARIES = YES;
				INFOPLIST_FILE = "Summer-ExcelUITests/Info.plist";
				LD_RUNPATH_SEARCH_PATHS = "$(inherited) @executable_path/Frameworks @loader_path/Frameworks";
				PRODUCT_BUNDLE_IDENTIFIER = "org.district196.Summer-ExcelUITests";
				PRODUCT_NAME = "$(TARGET_NAME)";
				SWIFT_VERSION = 3.0;
				TEST_TARGET_NAME = "Summer-Excel";
			};
			name = Debug;
		};
		6F0653461FD9AF8D009C8587 /* Release */ = {
			isa = XCBuildConfiguration;
			buildSettings = {
				ALWAYS_EMBED_SWIFT_STANDARD_LIBRARIES = YES;
				INFOPLIST_FILE = "Summer-ExcelUITests/Info.plist";
				LD_RUNPATH_SEARCH_PATHS = "$(inherited) @executable_path/Frameworks @loader_path/Frameworks";
				PRODUCT_BUNDLE_IDENTIFIER = "org.district196.Summer-ExcelUITests";
				PRODUCT_NAME = "$(TARGET_NAME)";
				SWIFT_VERSION = 3.0;
				TEST_TARGET_NAME = "Summer-Excel";
			};
			name = Release;
		};
/* End XCBuildConfiguration section */

/* Begin XCConfigurationList section */
		6F0653111FD9AF8D009C8587 /* Build configuration list for PBXProject "Summer-Excel" */ = {
			isa = XCConfigurationList;
			buildConfigurations = (
				6F06533C1FD9AF8D009C8587 /* Debug */,
				6F06533D1FD9AF8D009C8587 /* Release */,
			);
			defaultConfigurationIsVisible = 0;
			defaultConfigurationName = Release;
		};
		6F06533E1FD9AF8D009C8587 /* Build configuration list for PBXNativeTarget "Summer-Excel" */ = {
			isa = XCConfigurationList;
			buildConfigurations = (
				6F06533F1FD9AF8D009C8587 /* Debug */,
				6F0653401FD9AF8D009C8587 /* Release */,
			);
			defaultConfigurationIsVisible = 0;
		};
		6F0653411FD9AF8D009C8587 /* Build configuration list for PBXNativeTarget "Summer-ExcelTests" */ = {
			isa = XCConfigurationList;
			buildConfigurations = (
				6F0653421FD9AF8D009C8587 /* Debug */,
				6F0653431FD9AF8D009C8587 /* Release */,
			);
			defaultConfigurationIsVisible = 0;
		};
		6F0653441FD9AF8D009C8587 /* Build configuration list for PBXNativeTarget "Summer-ExcelUITests" */ = {
			isa = XCConfigurationList;
			buildConfigurations = (
				6F0653451FD9AF8D009C8587 /* Debug */,
				6F0653461FD9AF8D009C8587 /* Release */,
			);
			defaultConfigurationIsVisible = 0;
		};
/* End XCConfigurationList section */
	};
	rootObject = 6F06530E1FD9AF8D009C8587 /* Project object */;
}
